<?xml version="1.0" encoding="utf-8"?>
<Project ToolsVersion="4.0" xmlns="http://schemas.microsoft.com/developer/msbuild/2003">
  <ItemGroup>
    <Filter Include="Source Files">
      <UniqueIdentifier>{4FC737F1-C7A5-4376-A066-2A32D752A2FF}</UniqueIdentifier>
      <Extensions>cpp;c;cc;cxx;def;odl;idl;hpj;bat;asm;asmx</Extensions>
    </Filter>
    <Filter Include="Header Files">
      <UniqueIdentifier>{93995380-89BD-4b04-88EB-625FBE52EBFB}</UniqueIdentifier>
      <Extensions>h;hpp;hxx;hm;inl;inc;xsd</Extensions>
    </Filter>
    <Filter Include="Resource Files">
      <UniqueIdentifier>{67DA6AB6-F800-4c08-8B7A-83BB121AAD01}</UniqueIdentifier>
      <Extensions>rc;ico;cur;bmp;dlg;rc2;rct;bin;rgs;gif;jpg;jpeg;jpe;resx;tiff;tif;png;wav</Extensions>
    </Filter>
    <Filter Include="Shaders">
      <UniqueIdentifier>{8f696509-dc0f-476f-8041-5d8692e90ab4}</UniqueIdentifier>
    </Filter>
    <Filter Include="Header Files\kiss">
      <UniqueIdentifier>{5e8344b3-735d-422c-8438-8c2ccb3d5317}</UniqueIdentifier>
    </Filter>
  </ItemGroup>
  <ItemGroup>
    <ClCompile Include="..\src\RingVisualizerApp.cpp">
      <Filter>Source Files</Filter>
    </ClCompile>
    <ClCompile Include="..\src\NoteRay.cpp">
      <Filter>Source Files</Filter>
    </ClCompile>
    <ClCompile Include="..\src\RingModule.cpp">
      <Filter>Source Files</Filter>
    </ClCompile>
    <ClCompile Include="..\src\SphereModule.cpp">
      <Filter>Source Files</Filter>
    </ClCompile>
    <ClCompile Include="..\include\kiss\kiss_fftr.c">
      <Filter>Header Files\kiss</Filter>
    </ClCompile>
    <ClCompile Include="..\include\kiss\kiss_fft.c">
      <Filter>Header Files\kiss</Filter>
    </ClCompile>
    <ClCompile Include="..\src\KissFFT.cpp">
      <Filter>Source Files</Filter>
    </ClCompile>
  </ItemGroup>
  <ItemGroup>
    <ClInclude Include="..\include\Resources.h">
      <Filter>Header Files</Filter>
    </ClInclude>
    <ClInclude Include="..\include\CommonDefinitions.h">
      <Filter>Header Files</Filter>
    </ClInclude>
    <ClInclude Include="resource.h">
      <Filter>Header Files</Filter>
    </ClInclude>
    <ClInclude Include="..\include\RingModule.h">
      <Filter>Header Files</Filter>
    </ClInclude>
    <ClInclude Include="..\include\RingVisualizerApp.h">
      <Filter>Header Files</Filter>
    </ClInclude>
    <ClInclude Include="..\include\NoteRay.h">
      <Filter>Header Files</Filter>
    </ClInclude>
    <ClInclude Include="..\include\WavHeader.h">
      <Filter>Header Files</Filter>
    </ClInclude>
    <ClInclude Include="..\include\SphereModule.h">
      <Filter>Header Files</Filter>
    </ClInclude>
    <ClInclude Include="..\include\kiss\kiss_fftr.h">
      <Filter>Header Files\kiss</Filter>
    </ClInclude>
    <ClInclude Include="..\include\kiss\_kiss_fft_guts.h">
      <Filter>Header Files\kiss</Filter>
    </ClInclude>
    <ClInclude Include="..\include\kiss\kiss_fft.h">
      <Filter>Header Files\kiss</Filter>
    </ClInclude>
  </ItemGroup>
  <ItemGroup>
    <None Include="saved visualisations.txt" />
    <None Include="..\resources\noterays.glsl">
      <Filter>Shaders</Filter>
    </None>
    <None Include="..\resources\noterays_v.glsl">
      <Filter>Shaders</Filter>
    </None>
  </ItemGroup>
  <ItemGroup>
    <ResourceCompile Include="Resources.rc">
      <Filter>Resource Files</Filter>
    </ResourceCompile>
  </ItemGroup>
</Project>